// !$*UTF8*$!
{
	archiveVersion = 1;
	classes = {
	};
	objectVersion = 55;
	objects = {

/* Begin PBXBuildFile section */
		E02936CC2858CB12006D5A0D /* LoginViewController.swift in Sources */ = {isa = PBXBuildFile; fileRef = E02936CB2858CB12006D5A0D /* LoginViewController.swift */; };
		E02936CF2858D2D7006D5A0D /* IQKeyboardManagerSwift in Frameworks */ = {isa = PBXBuildFile; productRef = E02936CE2858D2D7006D5A0D /* IQKeyboardManagerSwift */; };
		E02936D22858D63C006D5A0D /* FirebaseAuth in Frameworks */ = {isa = PBXBuildFile; productRef = E02936D12858D63C006D5A0D /* FirebaseAuth */; };
		E029463028578FA200D6DC70 /* GoogleService-Info.plist in Resources */ = {isa = PBXBuildFile; fileRef = E029462F28578FA200D6DC70 /* GoogleService-Info.plist */; };
		E02946332857903800D6DC70 /* FirebaseAnalytics in Frameworks */ = {isa = PBXBuildFile; productRef = E02946322857903800D6DC70 /* FirebaseAnalytics */; };
		E02946352857903800D6DC70 /* FirebaseAnalyticsWithoutAdIdSupport in Frameworks */ = {isa = PBXBuildFile; productRef = E02946342857903800D6DC70 /* FirebaseAnalyticsWithoutAdIdSupport */; };
		E03FB7E42863724D0020E8BE /* SignUpViewController.swift in Sources */ = {isa = PBXBuildFile; fileRef = E03FB7E32863724D0020E8BE /* SignUpViewController.swift */; };
		E04563EB2860C87A006A8021 /* StickerDatabase.xcdatamodeld in Sources */ = {isa = PBXBuildFile; fileRef = E04563E92860C87A006A8021 /* StickerDatabase.xcdatamodeld */; };
		E04CE535285B913E00C4431C /* CollectionViewCell.swift in Sources */ = {isa = PBXBuildFile; fileRef = E04CE533285B913E00C4431C /* CollectionViewCell.swift */; };
		E04CE536285B913E00C4431C /* CollectionViewCell.xib in Resources */ = {isa = PBXBuildFile; fileRef = E04CE534285B913E00C4431C /* CollectionViewCell.xib */; };
		E04ECEF0284B7DBE0037E049 /* StickerPack.swift in Sources */ = {isa = PBXBuildFile; fileRef = E04ECEDD284B7DBE0037E049 /* StickerPack.swift */; };
		E04ECEF1284B7DBE0037E049 /* Interoperability.swift in Sources */ = {isa = PBXBuildFile; fileRef = E04ECEDE284B7DBE0037E049 /* Interoperability.swift */; };
		E04ECEF2284B7DBE0037E049 /* Limits.swift in Sources */ = {isa = PBXBuildFile; fileRef = E04ECEDF284B7DBE0037E049 /* Limits.swift */; };
		E04ECEF3284B7DBE0037E049 /* Sticker.swift in Sources */ = {isa = PBXBuildFile; fileRef = E04ECEE0284B7DBE0037E049 /* Sticker.swift */; };
		E04ECEF4284B7DBE0037E049 /* StickerPackManager.swift in Sources */ = {isa = PBXBuildFile; fileRef = E04ECEE1284B7DBE0037E049 /* StickerPackManager.swift */; };
		E04ECEF5284B7DBE0037E049 /* WebPManager.swift in Sources */ = {isa = PBXBuildFile; fileRef = E04ECEE2284B7DBE0037E049 /* WebPManager.swift */; };
		E04ECEF6284B7DBE0037E049 /* ImageData.swift in Sources */ = {isa = PBXBuildFile; fileRef = E04ECEE3284B7DBE0037E049 /* ImageData.swift */; };
		E04ECEF7284B7DBE0037E049 /* YYSpriteSheetImage.m in Sources */ = {isa = PBXBuildFile; fileRef = E04ECEE8284B7DBE0037E049 /* YYSpriteSheetImage.m */; };
		E04ECEF8284B7DBE0037E049 /* YYImage.m in Sources */ = {isa = PBXBuildFile; fileRef = E04ECEEA284B7DBE0037E049 /* YYImage.m */; };
		E04ECEF9284B7DBE0037E049 /* YYImageCoder.m in Sources */ = {isa = PBXBuildFile; fileRef = E04ECEEB284B7DBE0037E049 /* YYImageCoder.m */; };
		E04ECEFA284B7DBE0037E049 /* YYFrameImage.m in Sources */ = {isa = PBXBuildFile; fileRef = E04ECEEC284B7DBE0037E049 /* YYFrameImage.m */; };
		E04ECEFB284B7DBE0037E049 /* YYAnimatedImageView.m in Sources */ = {isa = PBXBuildFile; fileRef = E04ECEED284B7DBE0037E049 /* YYAnimatedImageView.m */; };
		E0BC0A9E284B825A000C61BF /* tray_Cuppy.png in Resources */ = {isa = PBXBuildFile; fileRef = E0BC0A9D284B825A000C61BF /* tray_Cuppy.png */; };
		E0BC0A9F284B8352000C61BF /* WebP.framework in Frameworks */ = {isa = PBXBuildFile; fileRef = E04ECEDB284B7DBE0037E049 /* WebP.framework */; };
		E0BC0AA6284BAD77000C61BF /* 14_CatOnTheLaptop.webp in Resources */ = {isa = PBXBuildFile; fileRef = E0BC0AA4284BAD77000C61BF /* 14_CatOnTheLaptop.webp */; };
		E0BC0AA7284BAD77000C61BF /* 01_Cuppy_smile.png in Resources */ = {isa = PBXBuildFile; fileRef = E0BC0AA5284BAD77000C61BF /* 01_Cuppy_smile.png */; };
		E0BC0AAB284BAFAB000C61BF /* 01_SendingLove.webp in Resources */ = {isa = PBXBuildFile; fileRef = E0BC0AA9284BAFAB000C61BF /* 01_SendingLove.webp */; };
		E0BC0AAC284BAFAB000C61BF /* 15_WorkingFromHomeF.webp in Resources */ = {isa = PBXBuildFile; fileRef = E0BC0AAA284BAFAB000C61BF /* 15_WorkingFromHomeF.webp */; };
		E0D26104285A3B16003E99CD /* StickerTableViewCell.swift in Sources */ = {isa = PBXBuildFile; fileRef = E0D26102285A3B16003E99CD /* StickerTableViewCell.swift */; };
		E0D26105285A3B16003E99CD /* StickerTableViewCell.xib in Resources */ = {isa = PBXBuildFile; fileRef = E0D26103285A3B16003E99CD /* StickerTableViewCell.xib */; };
		E0F44FE72826B859009898CF /* AppDelegate.swift in Sources */ = {isa = PBXBuildFile; fileRef = E0F44FE62826B859009898CF /* AppDelegate.swift */; };
		E0F44FE92826B859009898CF /* SceneDelegate.swift in Sources */ = {isa = PBXBuildFile; fileRef = E0F44FE82826B859009898CF /* SceneDelegate.swift */; };
		E0F44FEB2826B859009898CF /* MainViewController.swift in Sources */ = {isa = PBXBuildFile; fileRef = E0F44FEA2826B859009898CF /* MainViewController.swift */; };
		E0F44FEE2826B859009898CF /* Main.storyboard in Resources */ = {isa = PBXBuildFile; fileRef = E0F44FEC2826B859009898CF /* Main.storyboard */; };
		E0F44FF02826B85C009898CF /* Assets.xcassets in Resources */ = {isa = PBXBuildFile; fileRef = E0F44FEF2826B85C009898CF /* Assets.xcassets */; };
		E0F44FF32826B85C009898CF /* LaunchScreen.storyboard in Resources */ = {isa = PBXBuildFile; fileRef = E0F44FF12826B85C009898CF /* LaunchScreen.storyboard */; };
		E0F44FFB2826E389009898CF /* ImageViewController.swift in Sources */ = {isa = PBXBuildFile; fileRef = E0F44FFA2826E389009898CF /* ImageViewController.swift */; };
/* End PBXBuildFile section */

/* Begin PBXCopyFilesBuildPhase section */
		E0D10811284E6A38006303AD /* Embed Frameworks */ = {
			isa = PBXCopyFilesBuildPhase;
			buildActionMask = 2147483647;
			dstPath = "";
			dstSubfolderSpec = 10;
			files = (
			);
			name = "Embed Frameworks";
			runOnlyForDeploymentPostprocessing = 0;
		};
/* End PBXCopyFilesBuildPhase section */

/* Begin PBXFileReference section */
		E02936CB2858CB12006D5A0D /* LoginViewController.swift */ = {isa = PBXFileReference; lastKnownFileType = sourcecode.swift; path = LoginViewController.swift; sourceTree = "<group>"; };
		E029462F28578FA200D6DC70 /* GoogleService-Info.plist */ = {isa = PBXFileReference; fileEncoding = 4; lastKnownFileType = text.plist.xml; path = "GoogleService-Info.plist"; sourceTree = "<group>"; };
		E03FB7E32863724D0020E8BE /* SignUpViewController.swift */ = {isa = PBXFileReference; lastKnownFileType = sourcecode.swift; path = SignUpViewController.swift; sourceTree = "<group>"; };
		E04563EA2860C87A006A8021 /* StickerDatabase.xcdatamodel */ = {isa = PBXFileReference; lastKnownFileType = wrapper.xcdatamodel; path = StickerDatabase.xcdatamodel; sourceTree = "<group>"; };
		E04CE533285B913E00C4431C /* CollectionViewCell.swift */ = {isa = PBXFileReference; lastKnownFileType = sourcecode.swift; path = CollectionViewCell.swift; sourceTree = "<group>"; };
		E04CE534285B913E00C4431C /* CollectionViewCell.xib */ = {isa = PBXFileReference; lastKnownFileType = file.xib; path = CollectionViewCell.xib; sourceTree = "<group>"; };
		E04ECEDB284B7DBE0037E049 /* WebP.framework */ = {isa = PBXFileReference; lastKnownFileType = wrapper.framework; path = WebP.framework; sourceTree = SOURCE_ROOT; };
		E04ECEDD284B7DBE0037E049 /* StickerPack.swift */ = {isa = PBXFileReference; fileEncoding = 4; lastKnownFileType = sourcecode.swift; path = StickerPack.swift; sourceTree = "<group>"; };
		E04ECEDE284B7DBE0037E049 /* Interoperability.swift */ = {isa = PBXFileReference; fileEncoding = 4; lastKnownFileType = sourcecode.swift; path = Interoperability.swift; sourceTree = "<group>"; };
		E04ECEDF284B7DBE0037E049 /* Limits.swift */ = {isa = PBXFileReference; fileEncoding = 4; lastKnownFileType = sourcecode.swift; path = Limits.swift; sourceTree = "<group>"; };
		E04ECEE0284B7DBE0037E049 /* Sticker.swift */ = {isa = PBXFileReference; fileEncoding = 4; lastKnownFileType = sourcecode.swift; path = Sticker.swift; sourceTree = "<group>"; };
		E04ECEE1284B7DBE0037E049 /* StickerPackManager.swift */ = {isa = PBXFileReference; fileEncoding = 4; lastKnownFileType = sourcecode.swift; path = StickerPackManager.swift; sourceTree = "<group>"; };
		E04ECEE2284B7DBE0037E049 /* WebPManager.swift */ = {isa = PBXFileReference; fileEncoding = 4; lastKnownFileType = sourcecode.swift; path = WebPManager.swift; sourceTree = "<group>"; };
		E04ECEE3284B7DBE0037E049 /* ImageData.swift */ = {isa = PBXFileReference; fileEncoding = 4; lastKnownFileType = sourcecode.swift; path = ImageData.swift; sourceTree = "<group>"; };
		E04ECEE5284B7DBE0037E049 /* YYImage.h */ = {isa = PBXFileReference; fileEncoding = 4; lastKnownFileType = sourcecode.c.h; path = YYImage.h; sourceTree = "<group>"; };
		E04ECEE6284B7DBE0037E049 /* YYImageCoder.h */ = {isa = PBXFileReference; fileEncoding = 4; lastKnownFileType = sourcecode.c.h; path = YYImageCoder.h; sourceTree = "<group>"; };
		E04ECEE7284B7DBE0037E049 /* YYFrameImage.h */ = {isa = PBXFileReference; fileEncoding = 4; lastKnownFileType = sourcecode.c.h; path = YYFrameImage.h; sourceTree = "<group>"; };
		E04ECEE8284B7DBE0037E049 /* YYSpriteSheetImage.m */ = {isa = PBXFileReference; fileEncoding = 4; lastKnownFileType = sourcecode.c.objc; path = YYSpriteSheetImage.m; sourceTree = "<group>"; };
		E04ECEE9284B7DBE0037E049 /* YYAnimatedImageView.h */ = {isa = PBXFileReference; fileEncoding = 4; lastKnownFileType = sourcecode.c.h; path = YYAnimatedImageView.h; sourceTree = "<group>"; };
		E04ECEEA284B7DBE0037E049 /* YYImage.m */ = {isa = PBXFileReference; fileEncoding = 4; lastKnownFileType = sourcecode.c.objc; path = YYImage.m; sourceTree = "<group>"; };
		E04ECEEB284B7DBE0037E049 /* YYImageCoder.m */ = {isa = PBXFileReference; fileEncoding = 4; lastKnownFileType = sourcecode.c.objc; path = YYImageCoder.m; sourceTree = "<group>"; };
		E04ECEEC284B7DBE0037E049 /* YYFrameImage.m */ = {isa = PBXFileReference; fileEncoding = 4; lastKnownFileType = sourcecode.c.objc; path = YYFrameImage.m; sourceTree = "<group>"; };
		E04ECEED284B7DBE0037E049 /* YYAnimatedImageView.m */ = {isa = PBXFileReference; fileEncoding = 4; lastKnownFileType = sourcecode.c.objc; path = YYAnimatedImageView.m; sourceTree = "<group>"; };
		E04ECEEE284B7DBE0037E049 /* YYSpriteSheetImage.h */ = {isa = PBXFileReference; fileEncoding = 4; lastKnownFileType = sourcecode.c.h; path = YYSpriteSheetImage.h; sourceTree = "<group>"; };
		E0A90F63284B7BD600CB5A16 /* StickerMaker-Bridging-Header.h */ = {isa = PBXFileReference; lastKnownFileType = sourcecode.c.h; path = "StickerMaker-Bridging-Header.h"; sourceTree = "<group>"; };
		E0BC0A9D284B825A000C61BF /* tray_Cuppy.png */ = {isa = PBXFileReference; lastKnownFileType = image.png; path = tray_Cuppy.png; sourceTree = "<group>"; };
		E0BC0AA4284BAD77000C61BF /* 14_CatOnTheLaptop.webp */ = {isa = PBXFileReference; lastKnownFileType = file; path = 14_CatOnTheLaptop.webp; sourceTree = "<group>"; };
		E0BC0AA5284BAD77000C61BF /* 01_Cuppy_smile.png */ = {isa = PBXFileReference; lastKnownFileType = image.png; path = 01_Cuppy_smile.png; sourceTree = "<group>"; };
		E0BC0AA9284BAFAB000C61BF /* 01_SendingLove.webp */ = {isa = PBXFileReference; lastKnownFileType = file; path = 01_SendingLove.webp; sourceTree = "<group>"; };
		E0BC0AAA284BAFAB000C61BF /* 15_WorkingFromHomeF.webp */ = {isa = PBXFileReference; lastKnownFileType = file; path = 15_WorkingFromHomeF.webp; sourceTree = "<group>"; };
		E0D26102285A3B16003E99CD /* StickerTableViewCell.swift */ = {isa = PBXFileReference; lastKnownFileType = sourcecode.swift; path = StickerTableViewCell.swift; sourceTree = "<group>"; };
		E0D26103285A3B16003E99CD /* StickerTableViewCell.xib */ = {isa = PBXFileReference; lastKnownFileType = file.xib; path = StickerTableViewCell.xib; sourceTree = "<group>"; };
		E0F44FE32826B859009898CF /* Sticker Maker.app */ = {isa = PBXFileReference; explicitFileType = wrapper.application; includeInIndex = 0; path = "Sticker Maker.app"; sourceTree = BUILT_PRODUCTS_DIR; };
		E0F44FE62826B859009898CF /* AppDelegate.swift */ = {isa = PBXFileReference; lastKnownFileType = sourcecode.swift; path = AppDelegate.swift; sourceTree = "<group>"; };
		E0F44FE82826B859009898CF /* SceneDelegate.swift */ = {isa = PBXFileReference; lastKnownFileType = sourcecode.swift; path = SceneDelegate.swift; sourceTree = "<group>"; };
		E0F44FEA2826B859009898CF /* MainViewController.swift */ = {isa = PBXFileReference; lastKnownFileType = sourcecode.swift; path = MainViewController.swift; sourceTree = "<group>"; };
		E0F44FED2826B859009898CF /* Base */ = {isa = PBXFileReference; lastKnownFileType = file.storyboard; name = Base; path = Base.lproj/Main.storyboard; sourceTree = "<group>"; };
		E0F44FEF2826B85C009898CF /* Assets.xcassets */ = {isa = PBXFileReference; lastKnownFileType = folder.assetcatalog; path = Assets.xcassets; sourceTree = "<group>"; };
		E0F44FF22826B85C009898CF /* Base */ = {isa = PBXFileReference; lastKnownFileType = file.storyboard; name = Base; path = Base.lproj/LaunchScreen.storyboard; sourceTree = "<group>"; };
		E0F44FF42826B85C009898CF /* Info.plist */ = {isa = PBXFileReference; lastKnownFileType = text.plist.xml; path = Info.plist; sourceTree = "<group>"; };
		E0F44FFA2826E389009898CF /* ImageViewController.swift */ = {isa = PBXFileReference; lastKnownFileType = sourcecode.swift; path = ImageViewController.swift; sourceTree = "<group>"; };
/* End PBXFileReference section */

/* Begin PBXFrameworksBuildPhase section */
		E0F44FE02826B859009898CF /* Frameworks */ = {
			isa = PBXFrameworksBuildPhase;
			buildActionMask = 2147483647;
			files = (
				E02936CF2858D2D7006D5A0D /* IQKeyboardManagerSwift in Frameworks */,
				E02936D22858D63C006D5A0D /* FirebaseAuth in Frameworks */,
				E0BC0A9F284B8352000C61BF /* WebP.framework in Frameworks */,
				E02946332857903800D6DC70 /* FirebaseAnalytics in Frameworks */,
				E02946352857903800D6DC70 /* FirebaseAnalyticsWithoutAdIdSupport in Frameworks */,
			);
			runOnlyForDeploymentPostprocessing = 0;
		};
/* End PBXFrameworksBuildPhase section */

/* Begin PBXGroup section */
		E04ECEDC284B7DBE0037E049 /* WhatsAppClasses */ = {
			isa = PBXGroup;
			children = (
				E04ECEDD284B7DBE0037E049 /* StickerPack.swift */,
				E04ECEDE284B7DBE0037E049 /* Interoperability.swift */,
				E04ECEDF284B7DBE0037E049 /* Limits.swift */,
				E04ECEE0284B7DBE0037E049 /* Sticker.swift */,
				E04ECEE1284B7DBE0037E049 /* StickerPackManager.swift */,
				E04ECEE2284B7DBE0037E049 /* WebPManager.swift */,
				E04ECEE3284B7DBE0037E049 /* ImageData.swift */,
			);
			path = WhatsAppClasses;
			sourceTree = SOURCE_ROOT;
		};
		E04ECEE4284B7DBE0037E049 /* YY Classes */ = {
			isa = PBXGroup;
			children = (
				E04ECEE5284B7DBE0037E049 /* YYImage.h */,
				E04ECEE6284B7DBE0037E049 /* YYImageCoder.h */,
				E04ECEE7284B7DBE0037E049 /* YYFrameImage.h */,
				E04ECEE8284B7DBE0037E049 /* YYSpriteSheetImage.m */,
				E04ECEE9284B7DBE0037E049 /* YYAnimatedImageView.h */,
				E04ECEEA284B7DBE0037E049 /* YYImage.m */,
				E04ECEEB284B7DBE0037E049 /* YYImageCoder.m */,
				E04ECEEC284B7DBE0037E049 /* YYFrameImage.m */,
				E04ECEED284B7DBE0037E049 /* YYAnimatedImageView.m */,
				E04ECEEE284B7DBE0037E049 /* YYSpriteSheetImage.h */,
			);
			path = "YY Classes";
			sourceTree = SOURCE_ROOT;
		};
		E0BC0AA3284BAC07000C61BF /* Image */ = {
			isa = PBXGroup;
			children = (
				E0BC0AA5284BAD77000C61BF /* 01_Cuppy_smile.png */,
				E0BC0AA4284BAD77000C61BF /* 14_CatOnTheLaptop.webp */,
				E0BC0AA9284BAFAB000C61BF /* 01_SendingLove.webp */,
				E0BC0AAA284BAFAB000C61BF /* 15_WorkingFromHomeF.webp */,
			);
			path = Image;
			sourceTree = "<group>";
		};
		E0F44FDA2826B859009898CF = {
			isa = PBXGroup;
			children = (
				E0F44FE52826B859009898CF /* Sticker Maker */,
				E0F44FE42826B859009898CF /* Products */,
			);
			sourceTree = "<group>";
		};
		E0F44FE42826B859009898CF /* Products */ = {
			isa = PBXGroup;
			children = (
				E0F44FE32826B859009898CF /* Sticker Maker.app */,
			);
			name = Products;
			sourceTree = "<group>";
		};
		E0F44FE52826B859009898CF /* Sticker Maker */ = {
			isa = PBXGroup;
			children = (
				E0F44FF42826B85C009898CF /* Info.plist */,
				E029462F28578FA200D6DC70 /* GoogleService-Info.plist */,
				E0F44FE62826B859009898CF /* AppDelegate.swift */,
				E0F44FE82826B859009898CF /* SceneDelegate.swift */,
				E02936CB2858CB12006D5A0D /* LoginViewController.swift */,
				E03FB7E32863724D0020E8BE /* SignUpViewController.swift */,
				E0F44FEA2826B859009898CF /* MainViewController.swift */,
				E0F44FFA2826E389009898CF /* ImageViewController.swift */,
				E0F44FEC2826B859009898CF /* Main.storyboard */,
				E0F44FF12826B85C009898CF /* LaunchScreen.storyboard */,
				E0A90F63284B7BD600CB5A16 /* StickerMaker-Bridging-Header.h */,
				E04ECEDC284B7DBE0037E049 /* WhatsAppClasses */,
				E04ECEE4284B7DBE0037E049 /* YY Classes */,
				E0F44FEF2826B85C009898CF /* Assets.xcassets */,
				E0BC0A9D284B825A000C61BF /* tray_Cuppy.png */,
				E0BC0AA3284BAC07000C61BF /* Image */,
				E04ECEDB284B7DBE0037E049 /* WebP.framework */,
				E0D26102285A3B16003E99CD /* StickerTableViewCell.swift */,
				E0D26103285A3B16003E99CD /* StickerTableViewCell.xib */,
				E04CE533285B913E00C4431C /* CollectionViewCell.swift */,
				E04CE534285B913E00C4431C /* CollectionViewCell.xib */,
				E04563E92860C87A006A8021 /* StickerDatabase.xcdatamodeld */,
			);
			path = "Sticker Maker";
			sourceTree = "<group>";
		};
/* End PBXGroup section */

/* Begin PBXNativeTarget section */
		E0F44FE22826B859009898CF /* Sticker Maker */ = {
			isa = PBXNativeTarget;
			buildConfigurationList = E0F44FF72826B85C009898CF /* Build configuration list for PBXNativeTarget "Sticker Maker" */;
			buildPhases = (
				E0F44FDF2826B859009898CF /* Sources */,
				E0F44FE02826B859009898CF /* Frameworks */,
				E0F44FE12826B859009898CF /* Resources */,
				E0D10811284E6A38006303AD /* Embed Frameworks */,
			);
			buildRules = (
			);
			dependencies = (
			);
			name = "Sticker Maker";
			packageProductDependencies = (
				E02946322857903800D6DC70 /* FirebaseAnalytics */,
				E02946342857903800D6DC70 /* FirebaseAnalyticsWithoutAdIdSupport */,
				E02936CE2858D2D7006D5A0D /* IQKeyboardManagerSwift */,
				E02936D12858D63C006D5A0D /* FirebaseAuth */,
			);
			productName = "Sticker Maker";
			productReference = E0F44FE32826B859009898CF /* Sticker Maker.app */;
			productType = "com.apple.product-type.application";
		};
/* End PBXNativeTarget section */

/* Begin PBXProject section */
		E0F44FDB2826B859009898CF /* Project object */ = {
			isa = PBXProject;
			attributes = {
				BuildIndependentTargetsInParallel = 1;
				LastSwiftUpdateCheck = 1330;
				LastUpgradeCheck = 1330;
				TargetAttributes = {
					E0F44FE22826B859009898CF = {
						CreatedOnToolsVersion = 13.3.1;
					};
				};
			};
			buildConfigurationList = E0F44FDE2826B859009898CF /* Build configuration list for PBXProject "Sticker Maker" */;
			compatibilityVersion = "Xcode 13.0";
			developmentRegion = en;
			hasScannedForEncodings = 0;
			knownRegions = (
				en,
				Base,
			);
			mainGroup = E0F44FDA2826B859009898CF;
			packageReferences = (
				E02946312857903800D6DC70 /* XCRemoteSwiftPackageReference "firebase-ios-sdk" */,
				E02936CD2858D2D7006D5A0D /* XCRemoteSwiftPackageReference "IQKeyboardManager" */,
				E02936D02858D63C006D5A0D /* XCRemoteSwiftPackageReference "firebase-ios-sdk" */,
			);
			productRefGroup = E0F44FE42826B859009898CF /* Products */;
			projectDirPath = "";
			projectRoot = "";
			targets = (
				E0F44FE22826B859009898CF /* Sticker Maker */,
			);
		};
/* End PBXProject section */

/* Begin PBXResourcesBuildPhase section */
		E0F44FE12826B859009898CF /* Resources */ = {
			isa = PBXResourcesBuildPhase;
			buildActionMask = 2147483647;
			files = (
				E0BC0AA6284BAD77000C61BF /* 14_CatOnTheLaptop.webp in Resources */,
				E0F44FF32826B85C009898CF /* LaunchScreen.storyboard in Resources */,
				E04CE536285B913E00C4431C /* CollectionViewCell.xib in Resources */,
				E029463028578FA200D6DC70 /* GoogleService-Info.plist in Resources */,
				E0D26105285A3B16003E99CD /* StickerTableViewCell.xib in Resources */,
				E0BC0AAB284BAFAB000C61BF /* 01_SendingLove.webp in Resources */,
				E0BC0A9E284B825A000C61BF /* tray_Cuppy.png in Resources */,
				E0BC0AA7284BAD77000C61BF /* 01_Cuppy_smile.png in Resources */,
				E0BC0AAC284BAFAB000C61BF /* 15_WorkingFromHomeF.webp in Resources */,
				E0F44FF02826B85C009898CF /* Assets.xcassets in Resources */,
				E0F44FEE2826B859009898CF /* Main.storyboard in Resources */,
			);
			runOnlyForDeploymentPostprocessing = 0;
		};
/* End PBXResourcesBuildPhase section */

/* Begin PBXSourcesBuildPhase section */
		E0F44FDF2826B859009898CF /* Sources */ = {
			isa = PBXSourcesBuildPhase;
			buildActionMask = 2147483647;
			files = (
				E04ECEF7284B7DBE0037E049 /* YYSpriteSheetImage.m in Sources */,
				E0F44FEB2826B859009898CF /* MainViewController.swift in Sources */,
				E04ECEF1284B7DBE0037E049 /* Interoperability.swift in Sources */,
				E04ECEFB284B7DBE0037E049 /* YYAnimatedImageView.m in Sources */,
				E04ECEF8284B7DBE0037E049 /* YYImage.m in Sources */,
				E0F44FE72826B859009898CF /* AppDelegate.swift in Sources */,
				E04ECEF9284B7DBE0037E049 /* YYImageCoder.m in Sources */,
				E0D26104285A3B16003E99CD /* StickerTableViewCell.swift in Sources */,
				E04ECEFA284B7DBE0037E049 /* YYFrameImage.m in Sources */,
				E04ECEF2284B7DBE0037E049 /* Limits.swift in Sources */,
				E04CE535285B913E00C4431C /* CollectionViewCell.swift in Sources */,
				E0F44FFB2826E389009898CF /* ImageViewController.swift in Sources */,
				E04ECEF3284B7DBE0037E049 /* Sticker.swift in Sources */,
				E04ECEF6284B7DBE0037E049 /* ImageData.swift in Sources */,
				E04ECEF0284B7DBE0037E049 /* StickerPack.swift in Sources */,
				E03FB7E42863724D0020E8BE /* SignUpViewController.swift in Sources */,
				E02936CC2858CB12006D5A0D /* LoginViewController.swift in Sources */,
				E04ECEF5284B7DBE0037E049 /* WebPManager.swift in Sources */,
				E04ECEF4284B7DBE0037E049 /* StickerPackManager.swift in Sources */,
				E04563EB2860C87A006A8021 /* StickerDatabase.xcdatamodeld in Sources */,
				E0F44FE92826B859009898CF /* SceneDelegate.swift in Sources */,
			);
			runOnlyForDeploymentPostprocessing = 0;
		};
/* End PBXSourcesBuildPhase section */

/* Begin PBXVariantGroup section */
		E0F44FEC2826B859009898CF /* Main.storyboard */ = {
			isa = PBXVariantGroup;
			children = (
				E0F44FED2826B859009898CF /* Base */,
			);
			name = Main.storyboard;
			sourceTree = "<group>";
		};
		E0F44FF12826B85C009898CF /* LaunchScreen.storyboard */ = {
			isa = PBXVariantGroup;
			children = (
				E0F44FF22826B85C009898CF /* Base */,
			);
			name = LaunchScreen.storyboard;
			sourceTree = "<group>";
		};
/* End PBXVariantGroup section */

/* Begin XCBuildConfiguration section */
		E0F44FF52826B85C009898CF /* Debug */ = {
			isa = XCBuildConfiguration;
			buildSettings = {
				ALWAYS_SEARCH_USER_PATHS = NO;
				CLANG_ANALYZER_NONNULL = YES;
				CLANG_ANALYZER_NUMBER_OBJECT_CONVERSION = YES_AGGRESSIVE;
				CLANG_CXX_LANGUAGE_STANDARD = "gnu++17";
				CLANG_ENABLE_MODULES = YES;
				CLANG_ENABLE_OBJC_ARC = YES;
				CLANG_ENABLE_OBJC_WEAK = YES;
				CLANG_WARN_BLOCK_CAPTURE_AUTORELEASING = YES;
				CLANG_WARN_BOOL_CONVERSION = YES;
				CLANG_WARN_COMMA = YES;
				CLANG_WARN_CONSTANT_CONVERSION = YES;
				CLANG_WARN_DEPRECATED_OBJC_IMPLEMENTATIONS = YES;
				CLANG_WARN_DIRECT_OBJC_ISA_USAGE = YES_ERROR;
				CLANG_WARN_DOCUMENTATION_COMMENTS = YES;
				CLANG_WARN_EMPTY_BODY = YES;
				CLANG_WARN_ENUM_CONVERSION = YES;
				CLANG_WARN_INFINITE_RECURSION = YES;
				CLANG_WARN_INT_CONVERSION = YES;
				CLANG_WARN_NON_LITERAL_NULL_CONVERSION = YES;
				CLANG_WARN_OBJC_IMPLICIT_RETAIN_SELF = YES;
				CLANG_WARN_OBJC_LITERAL_CONVERSION = YES;
				CLANG_WARN_OBJC_ROOT_CLASS = YES_ERROR;
				CLANG_WARN_QUOTED_INCLUDE_IN_FRAMEWORK_HEADER = YES;
				CLANG_WARN_RANGE_LOOP_ANALYSIS = YES;
				CLANG_WARN_STRICT_PROTOTYPES = YES;
				CLANG_WARN_SUSPICIOUS_MOVE = YES;
				CLANG_WARN_UNGUARDED_AVAILABILITY = YES_AGGRESSIVE;
				CLANG_WARN_UNREACHABLE_CODE = YES;
				CLANG_WARN__DUPLICATE_METHOD_MATCH = YES;
				COPY_PHASE_STRIP = NO;
				DEBUG_INFORMATION_FORMAT = dwarf;
				ENABLE_STRICT_OBJC_MSGSEND = YES;
				ENABLE_TESTABILITY = YES;
				GCC_C_LANGUAGE_STANDARD = gnu11;
				GCC_DYNAMIC_NO_PIC = NO;
				GCC_NO_COMMON_BLOCKS = YES;
				GCC_OPTIMIZATION_LEVEL = 0;
				GCC_PREPROCESSOR_DEFINITIONS = (
					"DEBUG=1",
					"$(inherited)",
				);
				GCC_WARN_64_TO_32_BIT_CONVERSION = YES;
				GCC_WARN_ABOUT_RETURN_TYPE = YES_ERROR;
				GCC_WARN_UNDECLARED_SELECTOR = YES;
				GCC_WARN_UNINITIALIZED_AUTOS = YES_AGGRESSIVE;
				GCC_WARN_UNUSED_FUNCTION = YES;
				GCC_WARN_UNUSED_VARIABLE = YES;
				IPHONEOS_DEPLOYMENT_TARGET = 15.4;
				MTL_ENABLE_DEBUG_INFO = INCLUDE_SOURCE;
				MTL_FAST_MATH = YES;
				ONLY_ACTIVE_ARCH = YES;
				SDKROOT = iphoneos;
				SWIFT_ACTIVE_COMPILATION_CONDITIONS = DEBUG;
				SWIFT_OPTIMIZATION_LEVEL = "-Onone";
			};
			name = Debug;
		};
		E0F44FF62826B85C009898CF /* Release */ = {
			isa = XCBuildConfiguration;
			buildSettings = {
				ALWAYS_SEARCH_USER_PATHS = NO;
				CLANG_ANALYZER_NONNULL = YES;
				CLANG_ANALYZER_NUMBER_OBJECT_CONVERSION = YES_AGGRESSIVE;
				CLANG_CXX_LANGUAGE_STANDARD = "gnu++17";
				CLANG_ENABLE_MODULES = YES;
				CLANG_ENABLE_OBJC_ARC = YES;
				CLANG_ENABLE_OBJC_WEAK = YES;
				CLANG_WARN_BLOCK_CAPTURE_AUTORELEASING = YES;
				CLANG_WARN_BOOL_CONVERSION = YES;
				CLANG_WARN_COMMA = YES;
				CLANG_WARN_CONSTANT_CONVERSION = YES;
				CLANG_WARN_DEPRECATED_OBJC_IMPLEMENTATIONS = YES;
				CLANG_WARN_DIRECT_OBJC_ISA_USAGE = YES_ERROR;
				CLANG_WARN_DOCUMENTATION_COMMENTS = YES;
				CLANG_WARN_EMPTY_BODY = YES;
				CLANG_WARN_ENUM_CONVERSION = YES;
				CLANG_WARN_INFINITE_RECURSION = YES;
				CLANG_WARN_INT_CONVERSION = YES;
				CLANG_WARN_NON_LITERAL_NULL_CONVERSION = YES;
				CLANG_WARN_OBJC_IMPLICIT_RETAIN_SELF = YES;
				CLANG_WARN_OBJC_LITERAL_CONVERSION = YES;
				CLANG_WARN_OBJC_ROOT_CLASS = YES_ERROR;
				CLANG_WARN_QUOTED_INCLUDE_IN_FRAMEWORK_HEADER = YES;
				CLANG_WARN_RANGE_LOOP_ANALYSIS = YES;
				CLANG_WARN_STRICT_PROTOTYPES = YES;
				CLANG_WARN_SUSPICIOUS_MOVE = YES;
				CLANG_WARN_UNGUARDED_AVAILABILITY = YES_AGGRESSIVE;
				CLANG_WARN_UNREACHABLE_CODE = YES;
				CLANG_WARN__DUPLICATE_METHOD_MATCH = YES;
				COPY_PHASE_STRIP = NO;
				DEBUG_INFORMATION_FORMAT = "dwarf-with-dsym";
				ENABLE_NS_ASSERTIONS = NO;
				ENABLE_STRICT_OBJC_MSGSEND = YES;
				GCC_C_LANGUAGE_STANDARD = gnu11;
				GCC_NO_COMMON_BLOCKS = YES;
				GCC_WARN_64_TO_32_BIT_CONVERSION = YES;
				GCC_WARN_ABOUT_RETURN_TYPE = YES_ERROR;
				GCC_WARN_UNDECLARED_SELECTOR = YES;
				GCC_WARN_UNINITIALIZED_AUTOS = YES_AGGRESSIVE;
				GCC_WARN_UNUSED_FUNCTION = YES;
				GCC_WARN_UNUSED_VARIABLE = YES;
				IPHONEOS_DEPLOYMENT_TARGET = 15.4;
				MTL_ENABLE_DEBUG_INFO = NO;
				MTL_FAST_MATH = YES;
				SDKROOT = iphoneos;
				SWIFT_COMPILATION_MODE = wholemodule;
				SWIFT_OPTIMIZATION_LEVEL = "-O";
				VALIDATE_PRODUCT = YES;
			};
			name = Release;
		};
		E0F44FF82826B85C009898CF /* Debug */ = {
			isa = XCBuildConfiguration;
			buildSettings = {
				ASSETCATALOG_COMPILER_APPICON_NAME = AppIcon;
				ASSETCATALOG_COMPILER_GLOBAL_ACCENT_COLOR_NAME = AccentColor;
				CODE_SIGN_STYLE = Automatic;
				CURRENT_PROJECT_VERSION = 1;
				DEVELOPMENT_TEAM = 22X52N9JSX;
				FRAMEWORK_SEARCH_PATHS = (
					"$(inherited)",
					"$(PROJECT_DIR)",
				);
				GENERATE_INFOPLIST_FILE = YES;
				INFOPLIST_FILE = "Sticker Maker/Info.plist";
				INFOPLIST_KEY_UIApplicationSupportsIndirectInputEvents = YES;
				INFOPLIST_KEY_UILaunchStoryboardName = LaunchScreen;
				INFOPLIST_KEY_UIMainStoryboardFile = Main;
				INFOPLIST_KEY_UISupportedInterfaceOrientations_iPad = "UIInterfaceOrientationPortrait UIInterfaceOrientationPortraitUpsideDown UIInterfaceOrientationLandscapeLeft UIInterfaceOrientationLandscapeRight";
				INFOPLIST_KEY_UISupportedInterfaceOrientations_iPhone = "UIInterfaceOrientationPortrait UIInterfaceOrientationLandscapeLeft UIInterfaceOrientationLandscapeRight";
				LD_RUNPATH_SEARCH_PATHS = (
					"$(inherited)",
					"@executable_path/Frameworks",
				);
				MARKETING_VERSION = 1.0;
				PRODUCT_BUNDLE_IDENTIFIER = "com.sh.Sticker-Maker";
				PRODUCT_NAME = "$(TARGET_NAME)";
				SWIFT_EMIT_LOC_STRINGS = YES;
				SWIFT_OBJC_BRIDGING_HEADER = "Sticker Maker/StickerMaker-Bridging-Header.h";
				SWIFT_VERSION = 5.0;
				TARGETED_DEVICE_FAMILY = "1,2";
			};
			name = Debug;
		};
		E0F44FF92826B85C009898CF /* Release */ = {
			isa = XCBuildConfiguration;
			buildSettings = {
				ASSETCATALOG_COMPILER_APPICON_NAME = AppIcon;
				ASSETCATALOG_COMPILER_GLOBAL_ACCENT_COLOR_NAME = AccentColor;
				CODE_SIGN_STYLE = Automatic;
				CURRENT_PROJECT_VERSION = 1;
				DEVELOPMENT_TEAM = 22X52N9JSX;
				FRAMEWORK_SEARCH_PATHS = (
					"$(inherited)",
					"$(PROJECT_DIR)",
				);
				GENERATE_INFOPLIST_FILE = YES;
				INFOPLIST_FILE = "Sticker Maker/Info.plist";
				INFOPLIST_KEY_UIApplicationSupportsIndirectInputEvents = YES;
				INFOPLIST_KEY_UILaunchStoryboardName = LaunchScreen;
				INFOPLIST_KEY_UIMainStoryboardFile = Main;
				INFOPLIST_KEY_UISupportedInterfaceOrientations_iPad = "UIInterfaceOrientationPortrait UIInterfaceOrientationPortraitUpsideDown UIInterfaceOrientationLandscapeLeft UIInterfaceOrientationLandscapeRight";
				INFOPLIST_KEY_UISupportedInterfaceOrientations_iPhone = "UIInterfaceOrientationPortrait UIInterfaceOrientationLandscapeLeft UIInterfaceOrientationLandscapeRight";
				LD_RUNPATH_SEARCH_PATHS = (
					"$(inherited)",
					"@executable_path/Frameworks",
				);
				MARKETING_VERSION = 1.0;
				PRODUCT_BUNDLE_IDENTIFIER = "com.sh.Sticker-Maker";
				PRODUCT_NAME = "$(TARGET_NAME)";
				SWIFT_EMIT_LOC_STRINGS = YES;
				SWIFT_OBJC_BRIDGING_HEADER = "Sticker Maker/StickerMaker-Bridging-Header.h";
				SWIFT_VERSION = 5.0;
				TARGETED_DEVICE_FAMILY = "1,2";
			};
			name = Release;
		};
/* End XCBuildConfiguration section */

/* Begin XCConfigurationList section */
		E0F44FDE2826B859009898CF /* Build configuration list for PBXProject "Sticker Maker" */ = {
			isa = XCConfigurationList;
			buildConfigurations = (
				E0F44FF52826B85C009898CF /* Debug */,
				E0F44FF62826B85C009898CF /* Release */,
			);
			defaultConfigurationIsVisible = 0;
			defaultConfigurationName = Release;
		};
		E0F44FF72826B85C009898CF /* Build configuration list for PBXNativeTarget "Sticker Maker" */ = {
			isa = XCConfigurationList;
			buildConfigurations = (
				E0F44FF82826B85C009898CF /* Debug */,
				E0F44FF92826B85C009898CF /* Release */,
			);
			defaultConfigurationIsVisible = 0;
			defaultConfigurationName = Release;
		};
/* End XCConfigurationList section */

/* Begin XCRemoteSwiftPackageReference section */
		E02936CD2858D2D7006D5A0D /* XCRemoteSwiftPackageReference "IQKeyboardManager" */ = {
			isa = XCRemoteSwiftPackageReference;
			repositoryURL = "https://github.com/hackiftekhar/IQKeyboardManager.git";
			requirement = {
				branch = master;
				kind = branch;
			};
		};
		E02936D02858D63C006D5A0D /* XCRemoteSwiftPackageReference "firebase-ios-sdk" */ = {
			isa = XCRemoteSwiftPackageReference;
			repositoryURL = "https://github.com/firebase/firebase-ios-sdk";
			requirement = {
				kind = upToNextMajorVersion;
				minimumVersion = 9.0.0;
			};
		};
		E02946312857903800D6DC70 /* XCRemoteSwiftPackageReference "firebase-ios-sdk" */ = {
			isa = XCRemoteSwiftPackageReference;
			repositoryURL = "https://github.com/firebase/firebase-ios-sdk";
			requirement = {
				kind = upToNextMajorVersion;
				minimumVersion = 9.0.0;
			};
		};
/* End XCRemoteSwiftPackageReference section */

/* Begin XCSwiftPackageProductDependency section */
		E02936CE2858D2D7006D5A0D /* IQKeyboardManagerSwift */ = {
			isa = XCSwiftPackageProductDependency;
			package = E02936CD2858D2D7006D5A0D /* XCRemoteSwiftPackageReference "IQKeyboardManager" */;
			productName = IQKeyboardManagerSwift;
		};
		E02936D12858D63C006D5A0D /* FirebaseAuth */ = {
			isa = XCSwiftPackageProductDependency;
			package = E02946312857903800D6DC70 /* XCRemoteSwiftPackageReference "firebase-ios-sdk" */;
			productName = FirebaseAuth;
		};
		E02946322857903800D6DC70 /* FirebaseAnalytics */ = {
			isa = XCSwiftPackageProductDependency;
			package = E02946312857903800D6DC70 /* XCRemoteSwiftPackageReference "firebase-ios-sdk" */;
			productName = FirebaseAnalytics;
		};
		E02946342857903800D6DC70 /* FirebaseAnalyticsWithoutAdIdSupport */ = {
			isa = XCSwiftPackageProductDependency;
			package = E02946312857903800D6DC70 /* XCRemoteSwiftPackageReference "firebase-ios-sdk" */;
			productName = FirebaseAnalyticsWithoutAdIdSupport;
		};
/* End XCSwiftPackageProductDependency section */

/* Begin XCVersionGroup section */
		E04563E92860C87A006A8021 /* StickerDatabase.xcdatamodeld */ = {
			isa = XCVersionGroup;
			children = (
				E04563EA2860C87A006A8021 /* StickerDatabase.xcdatamodel */,
			);
			currentVersion = E04563EA2860C87A006A8021 /* StickerDatabase.xcdatamodel */;
			path = StickerDatabase.xcdatamodeld;
			sourceTree = "<group>";
			versionGroupType = wrapper.xcdatamodel;
		};
/* End XCVersionGroup section */
	};
	rootObject = E0F44FDB2826B859009898CF /* Project object */;
}
